
Microsoft Visual Studio Solution File, Format Version 12.00
# Visual Studio Version 17
VisualStudioVersion = 17.10.34607.79
MinimumVisualStudioVersion = 10.0.40219.1
Project("{9A19103F-16F7-4668-BE54-9A1E7A4F7556}") = "StatiqWebApp.Blog", "StatiqWebApp.Blog.csproj", "{1B2F3614-02E9-47B0-8AB5-1AEE22EBF534}"
EndProject
Global
	GlobalSection(SolutionConfigurationPlatforms) = preSolution
		Debug|Any CPU = Debug|Any CPU
		Release|Any CPU = Release|Any CPU
	EndGlobalSection
	GlobalSection(ProjectConfigurationPlatforms) = postSolution
		{1B2F3614-02E9-47B0-8AB5-1AEE22EBF534}.Debug|Any CPU.ActiveCfg = Debug|Any CPU
		{1B2F3614-02E9-47B0-8AB5-1AEE22EBF534}.Debug|Any CPU.Build.0 = Debug|Any CPU
		{1B2F3614-02E9-47B0-8AB5-1AEE22EBF534}.Release|Any CPU.ActiveCfg = Release|Any CPU
		{1B2F3614-02E9-47B0-8AB5-1AEE22EBF534}.Release|Any CPU.Build.0 = Release|Any CPU
	EndGlobalSection
	GlobalSection(SolutionProperties) = preSolution
		HideSolutionNode = FALSE
	EndGlobalSection
	GlobalSection(ExtensibilityGlobals) = postSolution
		SolutionGuid = {15709EE1-6E3C-482D-9892-10FCC6B1E4DD}
	EndGlobalSection
EndGlobal
